{
  "version": 1,
  "dependencies": {
    "net9.0-windows10.0.19041": {
      "Microsoft.Win32.SystemEvents": {
        "type": "Transitive",
        "resolved": "6.0.0",
        "contentHash": "hqTM5628jSsQiv+HGpiq3WKBl2c8v1KZfby2J6Pr7pEPlK9waPdgEO6b8A/+/xn/yZ9ulv8HuqK71ONy2tg67A=="
      },
      "Newtonsoft.Json": {
        "type": "Transitive",
        "resolved": "13.0.3",
        "contentHash": "HrC5BXdl00IP9zeV+0Z848QWPAoCr9P3bDEZguI+gkLcBKAOxix/tLEAAHC+UvDNPv4a2d18lOReHMOagPa+zQ=="
      },
      "runtime.android-arm.runtime.native.System.IO.Ports": {
        "type": "Transitive",
        "resolved": "9.0.0",
        "contentHash": "zF8HT4aoFZkWF4OxhFLxUNEfoIjyILg0aQhgIR3m+dbLE4yadMd7kdctMvPhYYaVpnilmBCIjiQsrxH4UC/JxQ=="
      },
      "runtime.android-arm64.runtime.native.System.IO.Ports": {
        "type": "Transitive",
        "resolved": "9.0.0",
        "contentHash": "JVRoxUTXhyFfDak3GLbZh9oPjz+eVJwiZQWOU/TQ1Nj7us11GMc97IBsRzjGDtGJvFOWhGhEkka8SYmVcwpA2A=="
      },
      "runtime.android-x64.runtime.native.System.IO.Ports": {
        "type": "Transitive",
        "resolved": "9.0.0",
        "contentHash": "QMWQv8nptbkzEDPUOmVwo3l/ve1pgApqv/eGY/eIJoNCGxUP6MYUu/GHdznRaBlSkuRyhFN8osVyqZMFKlBA7g=="
      },
      "runtime.android-x86.runtime.native.System.IO.Ports": {
        "type": "Transitive",
        "resolved": "9.0.0",
        "contentHash": "NRuTmUukSfpbv1wdJJXvWE/v1+aRHw5OxEODGeyKuFGy09uZIfFsdU1SPXB1cGPHsUaZRhZfOVel30zEgRQiUw=="
      },
      "runtime.linux-arm.runtime.native.System.IO.Ports": {
        "type": "Transitive",
        "resolved": "9.0.0",
        "contentHash": "l5/3/3LfkemzovK66DrxsbGXRXIgmHaqYaYdhFR09lawWbPHhq4HJ0u2FzO+/neidm8bJtJAV6+iixMDuYIBgg=="
      },
      "runtime.linux-arm64.runtime.native.System.IO.Ports": {
        "type": "Transitive",
        "resolved": "9.0.0",
        "contentHash": "q69FDpp5XSq3lJUMyMpUXBXTh6ekNM1NCnM5aYYiIx4AY1cH/rgLSwR4n2wQJqC6yuL0Z/epSf3KoYLYT8++Yg=="
      },
      "runtime.linux-bionic-arm64.runtime.native.System.IO.Ports": {
        "type": "Transitive",
        "resolved": "9.0.0",
        "contentHash": "kAOBq4UnR0B2UirRxLsPx4BIzt61Ydw40FFCe9NcFSncV6q+ikuhgN6eOrcaOcSu5QUiXacQRgFUX1Pux6ckYg=="
      },
      "runtime.linux-bionic-x64.runtime.native.System.IO.Ports": {
        "type": "Transitive",
        "resolved": "9.0.0",
        "contentHash": "yCpRhte4+7C6ULKGA4qLaXGjQJwoygqyzgUN9u2tkfyGkwBUS66SRr6nNx522+4ATI8ZFkgIIZIkTczY77rcZw=="
      },
      "runtime.linux-musl-arm.runtime.native.System.IO.Ports": {
        "type": "Transitive",
        "resolved": "9.0.0",
        "contentHash": "isaMOGqA4iIklwMt6wYTuPqj83D8DDUA2wainLqPjXaQ1Ri+5K8A+4J0BonjA/HMWtywBKnt2WGUXZ3DQN18ZA=="
      },
      "runtime.linux-musl-arm64.runtime.native.System.IO.Ports": {
        "type": "Transitive",
        "resolved": "9.0.0",
        "contentHash": "yWsWQTf7r1aigde6EeoHzHhldoBw6fJ8AHR2ow4kobNuaS9Z/9rvLUFsGkAAY8GMUZadF5S1OGUsIzUd17RZBg=="
      },
      "runtime.linux-musl-x64.runtime.native.System.IO.Ports": {
        "type": "Transitive",
        "resolved": "9.0.0",
        "contentHash": "NxST2ZRBRGBjHWUnQwOYoyqFWHH4UcjAeTyjviSTOdwjSqq1JuGdp4sLzPzGDLiu4R7Per3QQ1GxYoLgAlIbOA=="
      },
      "runtime.linux-x64.runtime.native.System.IO.Ports": {
        "type": "Transitive",
        "resolved": "9.0.0",
        "contentHash": "4bmb9oP1DIu2ArJ2MH2sNGbO5V3VrZ0+8lotr3cQ2G5hh66+0yHiYkwvlwP7gkSOsZPhANeX3cicqHYaDsroQA=="
      },
      "runtime.maccatalyst-arm64.runtime.native.System.IO.Ports": {
        "type": "Transitive",
        "resolved": "9.0.0",
        "contentHash": "k+VeOPbIx9A1/bmiw5pGBsuALGTA4UoC6SsGhcIMLyS6TMFgsjsOH1bAgim+/W1RdtR7dpPCWHNYhkrM8hXByA=="
      },
      "runtime.maccatalyst-x64.runtime.native.System.IO.Ports": {
        "type": "Transitive",
        "resolved": "9.0.0",
        "contentHash": "k1WC+Y7ht+7Omq5iW1v2Yz5CpaGGlLvlNsGS8cDAG0IN3sXUrPyUkC/40/zTL8g8/c3UFjrW0igXcwKNYa+ZuA=="
      },
      "runtime.native.System.IO.Ports": {
        "type": "Transitive",
        "resolved": "9.0.0",
        "contentHash": "iWyR+xohLUht80x5MREqF7zYD0KqyVpoS9uTg9raG0ddx5pvJkCPC4eS2JdkRYY6AqPjfMiiOEZ02ZWHEBgOvg==",
        "dependencies": {
          "runtime.android-arm.runtime.native.System.IO.Ports": "9.0.0",
          "runtime.android-arm64.runtime.native.System.IO.Ports": "9.0.0",
          "runtime.android-x64.runtime.native.System.IO.Ports": "9.0.0",
          "runtime.android-x86.runtime.native.System.IO.Ports": "9.0.0",
          "runtime.linux-arm.runtime.native.System.IO.Ports": "9.0.0",
          "runtime.linux-arm64.runtime.native.System.IO.Ports": "9.0.0",
          "runtime.linux-bionic-arm64.runtime.native.System.IO.Ports": "9.0.0",
          "runtime.linux-bionic-x64.runtime.native.System.IO.Ports": "9.0.0",
          "runtime.linux-musl-arm.runtime.native.System.IO.Ports": "9.0.0",
          "runtime.linux-musl-arm64.runtime.native.System.IO.Ports": "9.0.0",
          "runtime.linux-musl-x64.runtime.native.System.IO.Ports": "9.0.0",
          "runtime.linux-x64.runtime.native.System.IO.Ports": "9.0.0",
          "runtime.maccatalyst-arm64.runtime.native.System.IO.Ports": "9.0.0",
          "runtime.maccatalyst-x64.runtime.native.System.IO.Ports": "9.0.0",
          "runtime.osx-arm64.runtime.native.System.IO.Ports": "9.0.0",
          "runtime.osx-x64.runtime.native.System.IO.Ports": "9.0.0"
        }
      },
      "runtime.osx-arm64.runtime.native.System.IO.Ports": {
        "type": "Transitive",
        "resolved": "9.0.0",
        "contentHash": "ebr6uFzuICKkw9YePnCo7CdZFKYYhJZOJDJhACAKyzbT5WFvJWMyeACJIWS0uqndGMgWSc+D+UDdBu6CEpUOSg=="
      },
      "runtime.osx-x64.runtime.native.System.IO.Ports": {
        "type": "Transitive",
        "resolved": "9.0.0",
        "contentHash": "66DA4FKnfIdrkyd8Kqym06s+F/U5/7TZdkV1DllGivUNUGkC8TG5W/3D4rhLoGQRjg0uurkPWqrQXWfPEghRpQ=="
      },
      "System.Buffers": {
        "type": "Transitive",
        "resolved": "4.5.1",
        "contentHash": "Rw7ijyl1qqRS0YQD/WycNst8hUUMgrMH4FCn1nNm27M4VxchZ1js3fVjQaANHO5f3sN4isvP4a+Met9Y4YomAg=="
      },
      "System.Drawing.Common": {
        "type": "Transitive",
        "resolved": "6.0.0",
        "contentHash": "NfuoKUiP2nUWwKZN6twGqXioIe1zVD0RIj2t976A+czLHr2nY454RwwXs6JU9Htc6mwqL6Dn/nEL3dpVf2jOhg==",
        "dependencies": {
          "Microsoft.Win32.SystemEvents": "6.0.0"
        }
      },
      "System.IO.Ports": {
        "type": "Transitive",
        "resolved": "9.0.0",
        "contentHash": "NfEWew48r4MxHUnOQL7nw/5JBsz9dli8TJYpXjsAQu8tHH0QCq2ly4QMCc8wS9EAi1jvaFgq7ELdfwxvrKWALQ==",
        "dependencies": {
          "runtime.native.System.IO.Ports": "9.0.0"
        }
      },
      "System.Memory": {
        "type": "Transitive",
        "resolved": "4.5.5",
        "contentHash": "XIWiDvKPXaTveaB7HVganDlOCRoj03l+jrwNvcge/t8vhGYKvqV+dMv6G4SAX2NoNmN0wZfVPTAlFwZcZvVOUw=="
      },
      "System.Numerics.Vectors": {
        "type": "Transitive",
        "resolved": "4.5.0",
        "contentHash": "QQTlPTl06J/iiDbJCiepZ4H//BVraReU4O4EoRw1U02H5TLUIT7xn3GnDp9AXPSlJUDyFs4uWjWafNX6WrAojQ=="
      },
      "System.Runtime.CompilerServices.Unsafe": {
        "type": "Transitive",
        "resolved": "6.0.0",
        "contentHash": "/iUeP3tq1S0XdNNoMz5C9twLSrM/TH+qElHkXWaPvuNOt+99G75NrV0OS2EqHx5wMN7popYjpc8oTjC1y16DLg=="
      },
      "System.Security.AccessControl": {
        "type": "Transitive",
        "resolved": "6.0.0",
        "contentHash": "AUADIc0LIEQe7MzC+I0cl0rAT8RrTAKFHl53yHjEUzNVIaUlhFY11vc2ebiVJzVBuOzun6F7FBA+8KAbGTTedQ=="
      },
      "System.Security.Permissions": {
        "type": "Transitive",
        "resolved": "6.0.0",
        "contentHash": "T/uuc7AklkDoxmcJ7LGkyX1CcSviZuLCa4jg3PekfJ7SU0niF0IVTXwUiNVP9DSpzou2PpxJ+eNY2IfDM90ZCg==",
        "dependencies": {
          "System.Security.AccessControl": "6.0.0",
          "System.Windows.Extensions": "6.0.0"
        }
      },
      "System.Windows.Extensions": {
        "type": "Transitive",
        "resolved": "6.0.0",
        "contentHash": "IXoJOXIqc39AIe+CIR7koBtRGMiCt/LPM3lI+PELtDIy9XdyeSrwXFdWV9dzJ2Awl0paLWUaknLxFQ5HpHZUog==",
        "dependencies": {
          "System.Drawing.Common": "6.0.0"
        }
      },
      "wss.transport.ble": {
        "type": "Project",
        "dependencies": {
          "System.IO.Ports": "[9.0.0, )",
          "WSS_Core_Interface": "[1.0.0, )"
        }
      },
      "wss_core_interface": {
        "type": "Project",
        "dependencies": {
          "Newtonsoft.Json": "[13.0.3, )",
          "System.Buffers": "[4.5.1, )",
          "System.Memory": "[4.5.5, )",
          "System.Numerics.Vectors": "[4.5.0, )",
          "System.Runtime.CompilerServices.Unsafe": "[6.0.0, )",
          "System.Security.Permissions": "[6.0.0, )"
        }
      }
    }
  }
}